
Microsoft Visual Studio Solution File, Format Version 12.00
Project("{FAE04EC0-301F-11D3-BF4B-00C04F79EFBC}") = "SimulationCore", "SimulationCore\SimulationCore.csproj", "{ED603394-B86B-4C62-B0C6-F7F71F55DEBB}"
EndProject
Project("{FAE04EC0-301F-11D3-BF4B-00C04F79EFBC}") = "Application", "Application\Application.csproj", "{961E5D16-A7D6-411F-9BBB-9ABCA1973C7F}"
EndProject
Project("{FAE04EC0-301F-11D3-BF4B-00C04F79EFBC}") = "SimulationCore.Test", "SimulationCore.Test\SimulationCore.Test.csproj", "{989BC9AC-5910-44F3-BF6D-669DF07B5D84}"
EndProject
Global
	GlobalSection(SolutionConfigurationPlatforms) = preSolution
		Debug|Any CPU = Debug|Any CPU
		Release|Any CPU = Release|Any CPU
	EndGlobalSection
	GlobalSection(ProjectConfigurationPlatforms) = postSolution
		{ED603394-B86B-4C62-B0C6-F7F71F55DEBB}.Debug|Any CPU.ActiveCfg = Debug|Any CPU
		{ED603394-B86B-4C62-B0C6-F7F71F55DEBB}.Debug|Any CPU.Build.0 = Debug|Any CPU
		{ED603394-B86B-4C62-B0C6-F7F71F55DEBB}.Release|Any CPU.ActiveCfg = Release|Any CPU
		{ED603394-B86B-4C62-B0C6-F7F71F55DEBB}.Release|Any CPU.Build.0 = Release|Any CPU
		{961E5D16-A7D6-411F-9BBB-9ABCA1973C7F}.Debug|Any CPU.ActiveCfg = Debug|Any CPU
		{961E5D16-A7D6-411F-9BBB-9ABCA1973C7F}.Debug|Any CPU.Build.0 = Debug|Any CPU
		{961E5D16-A7D6-411F-9BBB-9ABCA1973C7F}.Release|Any CPU.ActiveCfg = Release|Any CPU
		{961E5D16-A7D6-411F-9BBB-9ABCA1973C7F}.Release|Any CPU.Build.0 = Release|Any CPU
		{989BC9AC-5910-44F3-BF6D-669DF07B5D84}.Debug|Any CPU.ActiveCfg = Debug|Any CPU
		{989BC9AC-5910-44F3-BF6D-669DF07B5D84}.Debug|Any CPU.Build.0 = Debug|Any CPU
		{989BC9AC-5910-44F3-BF6D-669DF07B5D84}.Release|Any CPU.ActiveCfg = Release|Any CPU
		{989BC9AC-5910-44F3-BF6D-669DF07B5D84}.Release|Any CPU.Build.0 = Release|Any CPU
	EndGlobalSection
EndGlobal
